// !$*UTF8*$!
{
	archiveVersion = 1;
	classes = {
	};
	objectVersion = 48;
	objects = {

/* Begin PBXBuildFile section */
		A80BE4471FBF573A005582D2 /* AppDelegate.swift in Sources */ = {isa = PBXBuildFile; fileRef = A80BE4461FBF573A005582D2 /* AppDelegate.swift */; };
		A80BE44C1FBF573A005582D2 /* Main.storyboard in Resources */ = {isa = PBXBuildFile; fileRef = A80BE44A1FBF573A005582D2 /* Main.storyboard */; };
		A80BE44E1FBF573A005582D2 /* Assets.xcassets in Resources */ = {isa = PBXBuildFile; fileRef = A80BE44D1FBF573A005582D2 /* Assets.xcassets */; };
		A80BE45C1FBF6236005582D2 /* Default-568h@2x.png in Resources */ = {isa = PBXBuildFile; fileRef = A80BE45B1FBF6236005582D2 /* Default-568h@2x.png */; };
		A890DADC1FD26E26006DB6BF /* otter_img.png in Resources */ = {isa = PBXBuildFile; fileRef = A890DADB1FD26E14006DB6BF /* otter_img.png */; };
		A890DADE1FD26E4D006DB6BF /* ripple.png in Resources */ = {isa = PBXBuildFile; fileRef = A890DADD1FD26E44006DB6BF /* ripple.png */; };
		A890DAE01FD26E9B006DB6BF /* GoogleService-Info.plist in Resources */ = {isa = PBXBuildFile; fileRef = A890DADF1FD26E9B006DB6BF /* GoogleService-Info.plist */; };
		A8AA43C8B6435E87B2131593 /* Pods_Otter.framework in Frameworks */ = {isa = PBXBuildFile; fileRef = B5E82257B1A67943F9BFBCB2 /* Pods_Otter.framework */; };
		A8B521D31FD4F0F600989CB2 /* practice.png in Resources */ = {isa = PBXBuildFile; fileRef = A8B521D21FD4F0F600989CB2 /* practice.png */; };
		A8B521EC1FD4F62000989CB2 /* running.jpeg in Resources */ = {isa = PBXBuildFile; fileRef = A8B521D41FD4F61E00989CB2 /* running.jpeg */; };
		A8B521ED1FD4F62000989CB2 /* otter_img.png in Resources */ = {isa = PBXBuildFile; fileRef = A8B521D51FD4F61E00989CB2 /* otter_img.png */; };
		A8B521F31FD4F62000989CB2 /* Info.plist in Resources */ = {isa = PBXBuildFile; fileRef = A8B521DC1FD4F61E00989CB2 /* Info.plist */; };
		A8B521F81FD4F62000989CB2 /* meditating.jpeg in Resources */ = {isa = PBXBuildFile; fileRef = A8B521E11FD4F61F00989CB2 /* meditating.jpeg */; };
		A8B521FA1FD4F62000989CB2 /* Goals in Resources */ = {isa = PBXBuildFile; fileRef = A8B521E31FD4F61F00989CB2 /* Goals */; };
		A8B521FC1FD4F62000989CB2 /* ViewController.swift in Sources */ = {isa = PBXBuildFile; fileRef = A8B521E51FD4F61F00989CB2 /* ViewController.swift */; };
		A8B522051FD4FC4500989CB2 /* Goal.storyboard in Resources */ = {isa = PBXBuildFile; fileRef = A8B522031FD4FC4500989CB2 /* Goal.storyboard */; };
		A8C021E81FD26B300063BDF9 /* checkbox.png in Resources */ = {isa = PBXBuildFile; fileRef = A8C021E31FD26B0D0063BDF9 /* checkbox.png */; };
		A8C021E91FD26B300063BDF9 /* lightbulb.png in Resources */ = {isa = PBXBuildFile; fileRef = A8C021E41FD26B0E0063BDF9 /* lightbulb.png */; };
		A8C021EA1FD26B300063BDF9 /* people.png in Resources */ = {isa = PBXBuildFile; fileRef = A8C021E51FD26B0F0063BDF9 /* people.png */; };
		A8C021EB1FD26B300063BDF9 /* line.png in Resources */ = {isa = PBXBuildFile; fileRef = A8C021E61FD26B110063BDF9 /* line.png */; };
		A8C021EC1FD26B300063BDF9 /* chat.png in Resources */ = {isa = PBXBuildFile; fileRef = A8C021E71FD26B1C0063BDF9 /* chat.png */; };
		A8CB464D1FCF4CCF00591F7F /* practicesPickerViewController.swift in Sources */ = {isa = PBXBuildFile; fileRef = A8CB464C1FCF4CCF00591F7F /* practicesPickerViewController.swift */; };
		A8CB464F1FCF4D7800591F7F /* practicesTimerViewController.swift in Sources */ = {isa = PBXBuildFile; fileRef = A8CB464E1FCF4D7800591F7F /* practicesTimerViewController.swift */; };
/* End PBXBuildFile section */

/* Begin PBXFileReference section */
		A0BE0DC52E44753131A2C2DA /* Pods-Otter.release.xcconfig */ = {isa = PBXFileReference; includeInIndex = 1; lastKnownFileType = text.xcconfig; name = "Pods-Otter.release.xcconfig"; path = "Pods/Target Support Files/Pods-Otter/Pods-Otter.release.xcconfig"; sourceTree = "<group>"; };
		A80BE4431FBF573A005582D2 /* Otter.app */ = {isa = PBXFileReference; explicitFileType = wrapper.application; includeInIndex = 0; path = Otter.app; sourceTree = BUILT_PRODUCTS_DIR; };
		A80BE4461FBF573A005582D2 /* AppDelegate.swift */ = {isa = PBXFileReference; lastKnownFileType = sourcecode.swift; path = AppDelegate.swift; sourceTree = "<group>"; };
		A80BE44B1FBF573A005582D2 /* Base */ = {isa = PBXFileReference; lastKnownFileType = file.storyboard; name = Base; path = Base.lproj/Main.storyboard; sourceTree = "<group>"; };
		A80BE44D1FBF573A005582D2 /* Assets.xcassets */ = {isa = PBXFileReference; lastKnownFileType = folder.assetcatalog; path = Assets.xcassets; sourceTree = "<group>"; };
		A80BE45B1FBF6236005582D2 /* Default-568h@2x.png */ = {isa = PBXFileReference; lastKnownFileType = image.png; path = "Default-568h@2x.png"; sourceTree = "<group>"; };
		A890DADB1FD26E14006DB6BF /* otter_img.png */ = {isa = PBXFileReference; lastKnownFileType = image.png; path = otter_img.png; sourceTree = "<group>"; };
		A890DADD1FD26E44006DB6BF /* ripple.png */ = {isa = PBXFileReference; lastKnownFileType = image.png; path = ripple.png; sourceTree = "<group>"; };
		A890DADF1FD26E9B006DB6BF /* GoogleService-Info.plist */ = {isa = PBXFileReference; fileEncoding = 4; lastKnownFileType = text.plist.xml; path = "GoogleService-Info.plist"; sourceTree = "<group>"; };
		A8B521D21FD4F0F600989CB2 /* practice.png */ = {isa = PBXFileReference; lastKnownFileType = image.png; path = practice.png; sourceTree = "<group>"; };
		A8B521D41FD4F61E00989CB2 /* running.jpeg */ = {isa = PBXFileReference; lastKnownFileType = image.jpeg; name = running.jpeg; path = ../../../../Downloads/gustavo/running.jpeg; sourceTree = "<group>"; };
		A8B521D51FD4F61E00989CB2 /* otter_img.png */ = {isa = PBXFileReference; lastKnownFileType = image.png; name = otter_img.png; path = ../../../../Downloads/gustavo/otter_img.png; sourceTree = "<group>"; };
		A8B521DC1FD4F61E00989CB2 /* Info.plist */ = {isa = PBXFileReference; fileEncoding = 4; lastKnownFileType = text.plist.xml; name = Info.plist; path = ../../../../Downloads/gustavo/Info.plist; sourceTree = "<group>"; };
		A8B521E11FD4F61F00989CB2 /* meditating.jpeg */ = {isa = PBXFileReference; lastKnownFileType = image.jpeg; name = meditating.jpeg; path = ../../../../Downloads/gustavo/meditating.jpeg; sourceTree = "<group>"; };
		A8B521E31FD4F61F00989CB2 /* Goals */ = {isa = PBXFileReference; lastKnownFileType = folder; name = Goals; path = ../../../../Downloads/gustavo/Goals; sourceTree = "<group>"; };
		A8B521E51FD4F61F00989CB2 /* ViewController.swift */ = {isa = PBXFileReference; fileEncoding = 4; lastKnownFileType = sourcecode.swift; name = ViewController.swift; path = ../../../../Downloads/gustavo/ViewController.swift; sourceTree = "<group>"; };
		A8B522041FD4FC4500989CB2 /* Base */ = {isa = PBXFileReference; lastKnownFileType = file.storyboard; name = Base; path = ../../../../Downloads/gustavo/Goals/Base.lproj/Goal.storyboard; sourceTree = "<group>"; };
		A8C021E31FD26B0D0063BDF9 /* checkbox.png */ = {isa = PBXFileReference; lastKnownFileType = image.png; path = checkbox.png; sourceTree = "<group>"; };
		A8C021E41FD26B0E0063BDF9 /* lightbulb.png */ = {isa = PBXFileReference; lastKnownFileType = image.png; path = lightbulb.png; sourceTree = "<group>"; };
		A8C021E51FD26B0F0063BDF9 /* people.png */ = {isa = PBXFileReference; lastKnownFileType = image.png; path = people.png; sourceTree = "<group>"; };
		A8C021E61FD26B110063BDF9 /* line.png */ = {isa = PBXFileReference; lastKnownFileType = image.png; path = line.png; sourceTree = "<group>"; };
		A8C021E71FD26B1C0063BDF9 /* chat.png */ = {isa = PBXFileReference; lastKnownFileType = image.png; path = chat.png; sourceTree = "<group>"; };
		A8CB464C1FCF4CCF00591F7F /* practicesPickerViewController.swift */ = {isa = PBXFileReference; lastKnownFileType = sourcecode.swift; path = practicesPickerViewController.swift; sourceTree = "<group>"; };
		A8CB464E1FCF4D7800591F7F /* practicesTimerViewController.swift */ = {isa = PBXFileReference; lastKnownFileType = sourcecode.swift; path = practicesTimerViewController.swift; sourceTree = "<group>"; };
		B5E82257B1A67943F9BFBCB2 /* Pods_Otter.framework */ = {isa = PBXFileReference; explicitFileType = wrapper.framework; includeInIndex = 0; path = Pods_Otter.framework; sourceTree = BUILT_PRODUCTS_DIR; };
		CCE23CFE1591EB1A08584075 /* Pods-Otter.debug.xcconfig */ = {isa = PBXFileReference; includeInIndex = 1; lastKnownFileType = text.xcconfig; name = "Pods-Otter.debug.xcconfig"; path = "Pods/Target Support Files/Pods-Otter/Pods-Otter.debug.xcconfig"; sourceTree = "<group>"; };
/* End PBXFileReference section */

/* Begin PBXFrameworksBuildPhase section */
		A80BE4401FBF573A005582D2 /* Frameworks */ = {
			isa = PBXFrameworksBuildPhase;
			buildActionMask = 2147483647;
			files = (
				A8AA43C8B6435E87B2131593 /* Pods_Otter.framework in Frameworks */,
			);
			runOnlyForDeploymentPostprocessing = 0;
		};
/* End PBXFrameworksBuildPhase section */

/* Begin PBXGroup section */
		A80BE43A1FBF573A005582D2 = {
			isa = PBXGroup;
			children = (
				A80BE45B1FBF6236005582D2 /* Default-568h@2x.png */,
				A80BE4451FBF573A005582D2 /* Otter */,
				A80BE4441FBF573A005582D2 /* Products */,
				CF14C243C5D93E0CB0069AE7 /* Pods */,
				D8D47BFD0B3C1DC045DC882B /* Frameworks */,
			);
			sourceTree = "<group>";
		};
		A80BE4441FBF573A005582D2 /* Products */ = {
			isa = PBXGroup;
			children = (
				A80BE4431FBF573A005582D2 /* Otter.app */,
			);
			name = Products;
			sourceTree = "<group>";
		};
		A80BE4451FBF573A005582D2 /* Otter */ = {
			isa = PBXGroup;
			children = (
				A8CB464E1FCF4D7800591F7F /* practicesTimerViewController.swift */,
				A8CB464C1FCF4CCF00591F7F /* practicesPickerViewController.swift */,
				A8B521E51FD4F61F00989CB2 /* ViewController.swift */,
				A80BE4461FBF573A005582D2 /* AppDelegate.swift */,
				A8B522031FD4FC4500989CB2 /* Goal.storyboard */,
				A8B521E31FD4F61F00989CB2 /* Goals */,
				A8C021E71FD26B1C0063BDF9 /* chat.png */,
				A8C021E61FD26B110063BDF9 /* line.png */,
				A8B521E11FD4F61F00989CB2 /* meditating.jpeg */,
				A8B521D51FD4F61E00989CB2 /* otter_img.png */,
				A8B521D41FD4F61E00989CB2 /* running.jpeg */,
				A890DADB1FD26E14006DB6BF /* otter_img.png */,
				A8B521D21FD4F0F600989CB2 /* practice.png */,
				A890DADD1FD26E44006DB6BF /* ripple.png */,
				A8C021E31FD26B0D0063BDF9 /* checkbox.png */,
				A8C021E41FD26B0E0063BDF9 /* lightbulb.png */,
				A8C021E51FD26B0F0063BDF9 /* people.png */,
				A8B521DC1FD4F61E00989CB2 /* Info.plist */,
				A890DADF1FD26E9B006DB6BF /* GoogleService-Info.plist */,
				A80BE44D1FBF573A005582D2 /* Assets.xcassets */,
				A80BE44A1FBF573A005582D2 /* Main.storyboard */,
			);
			path = Otter;
			sourceTree = "<group>";
		};
		CF14C243C5D93E0CB0069AE7 /* Pods */ = {
			isa = PBXGroup;
			children = (
				CCE23CFE1591EB1A08584075 /* Pods-Otter.debug.xcconfig */,
				A0BE0DC52E44753131A2C2DA /* Pods-Otter.release.xcconfig */,
			);
			name = Pods;
			sourceTree = "<group>";
		};
		D8D47BFD0B3C1DC045DC882B /* Frameworks */ = {
			isa = PBXGroup;
			children = (
				B5E82257B1A67943F9BFBCB2 /* Pods_Otter.framework */,
			);
			name = Frameworks;
			sourceTree = "<group>";
		};
/* End PBXGroup section */

/* Begin PBXNativeTarget section */
		A80BE4421FBF573A005582D2 /* Otter */ = {
			isa = PBXNativeTarget;
			buildConfigurationList = A80BE4551FBF573A005582D2 /* Build configuration list for PBXNativeTarget "Otter" */;
			buildPhases = (
				9D701C912E989879C8EE4242 /* [CP] Check Pods Manifest.lock */,
				A80BE43F1FBF573A005582D2 /* Sources */,
				A80BE4401FBF573A005582D2 /* Frameworks */,
				A80BE4411FBF573A005582D2 /* Resources */,
				CE8E37177E7028E349006443 /* [CP] Embed Pods Frameworks */,
				E4E2A6E7A147DC5B8CF6199F /* [CP] Copy Pods Resources */,
			);
			buildRules = (
			);
			dependencies = (
			);
			name = Otter;
			productName = Otter;
			productReference = A80BE4431FBF573A005582D2 /* Otter.app */;
			productType = "com.apple.product-type.application";
		};
/* End PBXNativeTarget section */

/* Begin PBXProject section */
		A80BE43B1FBF573A005582D2 /* Project object */ = {
			isa = PBXProject;
			attributes = {
				LastSwiftUpdateCheck = 0910;
				LastUpgradeCheck = 0910;
				ORGANIZATIONNAME = Otter;
				TargetAttributes = {
					A80BE4421FBF573A005582D2 = {
						CreatedOnToolsVersion = 9.1;
						ProvisioningStyle = Automatic;
					};
				};
			};
			buildConfigurationList = A80BE43E1FBF573A005582D2 /* Build configuration list for PBXProject "Otter" */;
			compatibilityVersion = "Xcode 8.0";
			developmentRegion = en;
			hasScannedForEncodings = 0;
			knownRegions = (
				en,
				Base,
			);
			mainGroup = A80BE43A1FBF573A005582D2;
			productRefGroup = A80BE4441FBF573A005582D2 /* Products */;
			projectDirPath = "";
			projectRoot = "";
			targets = (
				A80BE4421FBF573A005582D2 /* Otter */,
			);
		};
/* End PBXProject section */

/* Begin PBXResourcesBuildPhase section */
		A80BE4411FBF573A005582D2 /* Resources */ = {
			isa = PBXResourcesBuildPhase;
			buildActionMask = 2147483647;
			files = (
				A80BE45C1FBF6236005582D2 /* Default-568h@2x.png in Resources */,
				A8C021EB1FD26B300063BDF9 /* line.png in Resources */,
				A8C021E81FD26B300063BDF9 /* checkbox.png in Resources */,
				A890DADC1FD26E26006DB6BF /* otter_img.png in Resources */,
				A890DAE01FD26E9B006DB6BF /* GoogleService-Info.plist in Resources */,
				A8B521F31FD4F62000989CB2 /* Info.plist in Resources */,
				A8B521FA1FD4F62000989CB2 /* Goals in Resources */,
				A890DADE1FD26E4D006DB6BF /* ripple.png in Resources */,
				A8B521ED1FD4F62000989CB2 /* otter_img.png in Resources */,
				A8B521D31FD4F0F600989CB2 /* practice.png in Resources */,
				A8B522051FD4FC4500989CB2 /* Goal.storyboard in Resources */,
				A8C021EC1FD26B300063BDF9 /* chat.png in Resources */,
				A8B521EC1FD4F62000989CB2 /* running.jpeg in Resources */,
				A8B521F81FD4F62000989CB2 /* meditating.jpeg in Resources */,
				A8C021EA1FD26B300063BDF9 /* people.png in Resources */,
				A80BE44E1FBF573A005582D2 /* Assets.xcassets in Resources */,
				A8C021E91FD26B300063BDF9 /* lightbulb.png in Resources */,
				A80BE44C1FBF573A005582D2 /* Main.storyboard in Resources */,
			);
			runOnlyForDeploymentPostprocessing = 0;
		};
/* End PBXResourcesBuildPhase section */

/* Begin PBXShellScriptBuildPhase section */
		9D701C912E989879C8EE4242 /* [CP] Check Pods Manifest.lock */ = {
			isa = PBXShellScriptBuildPhase;
			buildActionMask = 2147483647;
			files = (
			);
			inputPaths = (
			);
			name = "[CP] Check Pods Manifest.lock";
			outputPaths = (
			);
			runOnlyForDeploymentPostprocessing = 0;
			shellPath = /bin/sh;
			shellScript = "diff \"${PODS_PODFILE_DIR_PATH}/Podfile.lock\" \"${PODS_ROOT}/Manifest.lock\" > /dev/null\nif [ $? != 0 ] ; then\n    # print error to STDERR\n    echo \"error: The sandbox is not in sync with the Podfile.lock. Run 'pod install' or update your CocoaPods installation.\" >&2\n    exit 1\nfi\n";
			showEnvVarsInLog = 0;
		};
		CE8E37177E7028E349006443 /* [CP] Embed Pods Frameworks */ = {
			isa = PBXShellScriptBuildPhase;
			buildActionMask = 2147483647;
			files = (
			);
			inputPaths = (
			);
			name = "[CP] Embed Pods Frameworks";
			outputPaths = (
			);
			runOnlyForDeploymentPostprocessing = 0;
			shellPath = /bin/sh;
			shellScript = "\"${SRCROOT}/Pods/Target Support Files/Pods-Otter/Pods-Otter-frameworks.sh\"\n";
			showEnvVarsInLog = 0;
		};
		E4E2A6E7A147DC5B8CF6199F /* [CP] Copy Pods Resources */ = {
			isa = PBXShellScriptBuildPhase;
			buildActionMask = 2147483647;
			files = (
			);
			inputPaths = (
			);
			name = "[CP] Copy Pods Resources";
			outputPaths = (
			);
			runOnlyForDeploymentPostprocessing = 0;
			shellPath = /bin/sh;
			shellScript = "\"${SRCROOT}/Pods/Target Support Files/Pods-Otter/Pods-Otter-resources.sh\"\n";
			showEnvVarsInLog = 0;
		};
/* End PBXShellScriptBuildPhase section */

/* Begin PBXSourcesBuildPhase section */
		A80BE43F1FBF573A005582D2 /* Sources */ = {
			isa = PBXSourcesBuildPhase;
			buildActionMask = 2147483647;
			files = (
				A8CB464D1FCF4CCF00591F7F /* practicesPickerViewController.swift in Sources */,
				A8B521FC1FD4F62000989CB2 /* ViewController.swift in Sources */,
				A80BE4471FBF573A005582D2 /* AppDelegate.swift in Sources */,
				A8CB464F1FCF4D7800591F7F /* practicesTimerViewController.swift in Sources */,
			);
			runOnlyForDeploymentPostprocessing = 0;
		};
/* End PBXSourcesBuildPhase section */

/* Begin PBXVariantGroup section */
		A80BE44A1FBF573A005582D2 /* Main.storyboard */ = {
			isa = PBXVariantGroup;
			children = (
				A80BE44B1FBF573A005582D2 /* Base */,
			);
			name = Main.storyboard;
			sourceTree = "<group>";
		};
		A8B522031FD4FC4500989CB2 /* Goal.storyboard */ = {
			isa = PBXVariantGroup;
			children = (
				A8B522041FD4FC4500989CB2 /* Base */,
			);
			name = Goal.storyboard;
			sourceTree = "<group>";
		};
/* End PBXVariantGroup section */

/* Begin XCBuildConfiguration section */
		A80BE4531FBF573A005582D2 /* Debug */ = {
			isa = XCBuildConfiguration;
			buildSettings = {
				ALWAYS_SEARCH_USER_PATHS = NO;
				CLANG_ANALYZER_NONNULL = YES;
				CLANG_ANALYZER_NUMBER_OBJECT_CONVERSION = YES_AGGRESSIVE;
				CLANG_CXX_LANGUAGE_STANDARD = "gnu++14";
				CLANG_CXX_LIBRARY = "libc++";
				CLANG_ENABLE_MODULES = YES;
				CLANG_ENABLE_OBJC_ARC = YES;
				CLANG_WARN_BLOCK_CAPTURE_AUTORELEASING = YES;
				CLANG_WARN_BOOL_CONVERSION = YES;
				CLANG_WARN_COMMA = YES;
				CLANG_WARN_CONSTANT_CONVERSION = YES;
				CLANG_WARN_DIRECT_OBJC_ISA_USAGE = YES_ERROR;
				CLANG_WARN_DOCUMENTATION_COMMENTS = YES;
				CLANG_WARN_EMPTY_BODY = YES;
				CLANG_WARN_ENUM_CONVERSION = YES;
				CLANG_WARN_INFINITE_RECURSION = YES;
				CLANG_WARN_INT_CONVERSION = YES;
				CLANG_WARN_NON_LITERAL_NULL_CONVERSION = YES;
				CLANG_WARN_OBJC_LITERAL_CONVERSION = YES;
				CLANG_WARN_OBJC_ROOT_CLASS = YES_ERROR;
				CLANG_WARN_RANGE_LOOP_ANALYSIS = YES;
				CLANG_WARN_STRICT_PROTOTYPES = YES;
				CLANG_WARN_SUSPICIOUS_MOVE = YES;
				CLANG_WARN_UNGUARDED_AVAILABILITY = YES_AGGRESSIVE;
				CLANG_WARN_UNREACHABLE_CODE = YES;
				CLANG_WARN__DUPLICATE_METHOD_MATCH = YES;
				CODE_SIGN_IDENTITY = "iPhone Developer";
				COPY_PHASE_STRIP = NO;
				DEBUG_INFORMATION_FORMAT = dwarf;
				ENABLE_STRICT_OBJC_MSGSEND = YES;
				ENABLE_TESTABILITY = YES;
				GCC_C_LANGUAGE_STANDARD = gnu11;
				GCC_DYNAMIC_NO_PIC = NO;
				GCC_NO_COMMON_BLOCKS = YES;
				GCC_OPTIMIZATION_LEVEL = 0;
				GCC_PREPROCESSOR_DEFINITIONS = (
					"DEBUG=1",
					"$(inherited)",
				);
				GCC_WARN_64_TO_32_BIT_CONVERSION = YES;
				GCC_WARN_ABOUT_RETURN_TYPE = YES_ERROR;
				GCC_WARN_UNDECLARED_SELECTOR = YES;
				GCC_WARN_UNINITIALIZED_AUTOS = YES_AGGRESSIVE;
				GCC_WARN_UNUSED_FUNCTION = YES;
				GCC_WARN_UNUSED_VARIABLE = YES;
				IPHONEOS_DEPLOYMENT_TARGET = 11.1;
				MTL_ENABLE_DEBUG_INFO = YES;
				ONLY_ACTIVE_ARCH = YES;
				SDKROOT = iphoneos;
				SWIFT_ACTIVE_COMPILATION_CONDITIONS = DEBUG;
				SWIFT_OPTIMIZATION_LEVEL = "-Onone";
			};
			name = Debug;
		};
		A80BE4541FBF573A005582D2 /* Release */ = {
			isa = XCBuildConfiguration;
			buildSettings = {
				ALWAYS_SEARCH_USER_PATHS = NO;
				CLANG_ANALYZER_NONNULL = YES;
				CLANG_ANALYZER_NUMBER_OBJECT_CONVERSION = YES_AGGRESSIVE;
				CLANG_CXX_LANGUAGE_STANDARD = "gnu++14";
				CLANG_CXX_LIBRARY = "libc++";
				CLANG_ENABLE_MODULES = YES;
				CLANG_ENABLE_OBJC_ARC = YES;
				CLANG_WARN_BLOCK_CAPTURE_AUTORELEASING = YES;
				CLANG_WARN_BOOL_CONVERSION = YES;
				CLANG_WARN_COMMA = YES;
				CLANG_WARN_CONSTANT_CONVERSION = YES;
				CLANG_WARN_DIRECT_OBJC_ISA_USAGE = YES_ERROR;
				CLANG_WARN_DOCUMENTATION_COMMENTS = YES;
				CLANG_WARN_EMPTY_BODY = YES;
				CLANG_WARN_ENUM_CONVERSION = YES;
				CLANG_WARN_INFINITE_RECURSION = YES;
				CLANG_WARN_INT_CONVERSION = YES;
				CLANG_WARN_NON_LITERAL_NULL_CONVERSION = YES;
				CLANG_WARN_OBJC_LITERAL_CONVERSION = YES;
				CLANG_WARN_OBJC_ROOT_CLASS = YES_ERROR;
				CLANG_WARN_RANGE_LOOP_ANALYSIS = YES;
				CLANG_WARN_STRICT_PROTOTYPES = YES;
				CLANG_WARN_SUSPICIOUS_MOVE = YES;
				CLANG_WARN_UNGUARDED_AVAILABILITY = YES_AGGRESSIVE;
				CLANG_WARN_UNREACHABLE_CODE = YES;
				CLANG_WARN__DUPLICATE_METHOD_MATCH = YES;
				CODE_SIGN_IDENTITY = "iPhone Developer";
				COPY_PHASE_STRIP = NO;
				DEBUG_INFORMATION_FORMAT = "dwarf-with-dsym";
				ENABLE_NS_ASSERTIONS = NO;
				ENABLE_STRICT_OBJC_MSGSEND = YES;
				GCC_C_LANGUAGE_STANDARD = gnu11;
				GCC_NO_COMMON_BLOCKS = YES;
				GCC_WARN_64_TO_32_BIT_CONVERSION = YES;
				GCC_WARN_ABOUT_RETURN_TYPE = YES_ERROR;
				GCC_WARN_UNDECLARED_SELECTOR = YES;
				GCC_WARN_UNINITIALIZED_AUTOS = YES_AGGRESSIVE;
				GCC_WARN_UNUSED_FUNCTION = YES;
				GCC_WARN_UNUSED_VARIABLE = YES;
				IPHONEOS_DEPLOYMENT_TARGET = 11.1;
				MTL_ENABLE_DEBUG_INFO = NO;
				SDKROOT = iphoneos;
				SWIFT_OPTIMIZATION_LEVEL = "-Onone";
				VALIDATE_PRODUCT = YES;
			};
			name = Release;
		};
		A80BE4561FBF573A005582D2 /* Debug */ = {
			isa = XCBuildConfiguration;
			baseConfigurationReference = CCE23CFE1591EB1A08584075 /* Pods-Otter.debug.xcconfig */;
			buildSettings = {
				ASSETCATALOG_COMPILER_APPICON_NAME = AppIcon;
				CODE_SIGN_STYLE = Automatic;
				INFOPLIST_FILE = Otter/Info.plist;
				LD_RUNPATH_SEARCH_PATHS = "$(inherited) @executable_path/Frameworks";
				PRODUCT_BUNDLE_IDENTIFIER = edu.stanford.cs193p.imacato.Otter;
				PRODUCT_NAME = "$(TARGET_NAME)";
				SWIFT_VERSION = 4.0;
				TARGETED_DEVICE_FAMILY = "1,2";
			};
			name = Debug;
		};
		A80BE4571FBF573A005582D2 /* Release */ = {
			isa = XCBuildConfiguration;
			baseConfigurationReference = A0BE0DC52E44753131A2C2DA /* Pods-Otter.release.xcconfig */;
			buildSettings = {
				ASSETCATALOG_COMPILER_APPICON_NAME = AppIcon;
				CODE_SIGN_STYLE = Automatic;
				INFOPLIST_FILE = Otter/Info.plist;
				LD_RUNPATH_SEARCH_PATHS = "$(inherited) @executable_path/Frameworks";
				PRODUCT_BUNDLE_IDENTIFIER = edu.stanford.cs193p.imacato.Otter;
				PRODUCT_NAME = "$(TARGET_NAME)";
				SWIFT_OPTIMIZATION_LEVEL = "-Onone";
				SWIFT_VERSION = 4.0;
				TARGETED_DEVICE_FAMILY = "1,2";
			};
			name = Release;
		};
/* End XCBuildConfiguration section */

/* Begin XCConfigurationList section */
		A80BE43E1FBF573A005582D2 /* Build configuration list for PBXProject "Otter" */ = {
			isa = XCConfigurationList;
			buildConfigurations = (
				A80BE4531FBF573A005582D2 /* Debug */,
				A80BE4541FBF573A005582D2 /* Release */,
			);
			defaultConfigurationIsVisible = 0;
			defaultConfigurationName = Release;
		};
		A80BE4551FBF573A005582D2 /* Build configuration list for PBXNativeTarget "Otter" */ = {
			isa = XCConfigurationList;
			buildConfigurations = (
				A80BE4561FBF573A005582D2 /* Debug */,
				A80BE4571FBF573A005582D2 /* Release */,
			);
			defaultConfigurationIsVisible = 0;
			defaultConfigurationName = Release;
		};
/* End XCConfigurationList section */
	};
	rootObject = A80BE43B1FBF573A005582D2 /* Project object */;
}
